dependencies:
- name: bank-common
  repository: file://../../bank-common
  version: 0.1.0
- name: config-server
  repository: file://../../bank-services/config-server
  version: 0.1.0
- name: accounts
  repository: file://../../bank-services/accounts
  version: 0.1.0
- name: loans
  repository: file://../../bank-services/loans
  version: 0.1.0
- name: cards
  repository: file://../../bank-services/cards
  version: 0.1.0
- name: gateway-server
  repository: file://../../bank-services/gateway-server
  version: 0.1.0
- name: message
  repository: file://../../bank-services/message
  version: 0.1.0
digest: sha256:ab48a1e127c4023416ff3d0f89090b6a48bdf29827b1ac40f2438036891baef2
generated: "2025-04-22T13:20:32.561244654+03:00"
